
Microsoft Visual Studio Solution File, Format Version 12.00
# Visual Studio 15
VisualStudioVersion = 15.0.28307.852
MinimumVisualStudioVersion = 10.0.40219.1
Project("{FAE04EC0-301F-11D3-BF4B-00C04F79EFBC}") = "Lecture7", "Lecture7\Lecture7.csproj", "{7622F9EA-D5F7-4BED-B646-E7CAAB0ED481}"
EndProject
Project("{FAE04EC0-301F-11D3-BF4B-00C04F79EFBC}") = "Lecture7Strategy", "Lecture7Strategy\Lecture7Strategy.csproj", "{0537861E-1CD7-489B-90AE-38767ADA5FDE}"
EndProject
Global
	GlobalSection(SolutionConfigurationPlatforms) = preSolution
		Debug|Any CPU = Debug|Any CPU
		Release|Any CPU = Release|Any CPU
	EndGlobalSection
	GlobalSection(ProjectConfigurationPlatforms) = postSolution
		{7622F9EA-D5F7-4BED-B646-E7CAAB0ED481}.Debug|Any CPU.ActiveCfg = Debug|Any CPU
		{7622F9EA-D5F7-4BED-B646-E7CAAB0ED481}.Debug|Any CPU.Build.0 = Debug|Any CPU
		{7622F9EA-D5F7-4BED-B646-E7CAAB0ED481}.Release|Any CPU.ActiveCfg = Release|Any CPU
		{7622F9EA-D5F7-4BED-B646-E7CAAB0ED481}.Release|Any CPU.Build.0 = Release|Any CPU
		{0537861E-1CD7-489B-90AE-38767ADA5FDE}.Debug|Any CPU.ActiveCfg = Debug|Any CPU
		{0537861E-1CD7-489B-90AE-38767ADA5FDE}.Debug|Any CPU.Build.0 = Debug|Any CPU
		{0537861E-1CD7-489B-90AE-38767ADA5FDE}.Release|Any CPU.ActiveCfg = Release|Any CPU
		{0537861E-1CD7-489B-90AE-38767ADA5FDE}.Release|Any CPU.Build.0 = Release|Any CPU
	EndGlobalSection
	GlobalSection(SolutionProperties) = preSolution
		HideSolutionNode = FALSE
	EndGlobalSection
	GlobalSection(ExtensibilityGlobals) = postSolution
		SolutionGuid = {9BCBFF22-A835-4719-A416-D9BEA221B011}
	EndGlobalSection
EndGlobal
