
Microsoft Visual Studio Solution File, Format Version 12.00
# Visual Studio 15
VisualStudioVersion = 15.0.28307.852
MinimumVisualStudioVersion = 10.0.40219.1
Project("{FAE04EC0-301F-11D3-BF4B-00C04F79EFBC}") = "Lecture12", "Lecture12.csproj", "{D823217B-762D-47B2-B19F-FECFAFB5B919}"
EndProject
Global
	GlobalSection(SolutionConfigurationPlatforms) = preSolution
		Debug|Any CPU = Debug|Any CPU
		Release|Any CPU = Release|Any CPU
	EndGlobalSection
	GlobalSection(ProjectConfigurationPlatforms) = postSolution
		{D823217B-762D-47B2-B19F-FECFAFB5B919}.Debug|Any CPU.ActiveCfg = Debug|Any CPU
		{D823217B-762D-47B2-B19F-FECFAFB5B919}.Debug|Any CPU.Build.0 = Debug|Any CPU
		{D823217B-762D-47B2-B19F-FECFAFB5B919}.Release|Any CPU.ActiveCfg = Release|Any CPU
		{D823217B-762D-47B2-B19F-FECFAFB5B919}.Release|Any CPU.Build.0 = Release|Any CPU
	EndGlobalSection
	GlobalSection(SolutionProperties) = preSolution
		HideSolutionNode = FALSE
	EndGlobalSection
	GlobalSection(ExtensibilityGlobals) = postSolution
		SolutionGuid = {6635D3D0-72D6-40DC-820F-48495FBDD0D6}
	EndGlobalSection
EndGlobal
