
Microsoft Visual Studio Solution File, Format Version 12.00
# Visual Studio 15
VisualStudioVersion = 15.0.28307.852
MinimumVisualStudioVersion = 10.0.40219.1
Project("{FAE04EC0-301F-11D3-BF4B-00C04F79EFBC}") = "Lecture6", "Lecture6\Lecture6.csproj", "{50268BE3-AF94-485F-90B7-F647C65B1BB6}"
EndProject
Project("{FAE04EC0-301F-11D3-BF4B-00C04F79EFBC}") = "Lecture6Composite", "Lecture6Composite\Lecture6Composite.csproj", "{E77987D3-DC53-4E54-9DDD-D1231D2C8A52}"
EndProject
Global
	GlobalSection(SolutionConfigurationPlatforms) = preSolution
		Debug|Any CPU = Debug|Any CPU
		Release|Any CPU = Release|Any CPU
	EndGlobalSection
	GlobalSection(ProjectConfigurationPlatforms) = postSolution
		{50268BE3-AF94-485F-90B7-F647C65B1BB6}.Debug|Any CPU.ActiveCfg = Debug|Any CPU
		{50268BE3-AF94-485F-90B7-F647C65B1BB6}.Debug|Any CPU.Build.0 = Debug|Any CPU
		{50268BE3-AF94-485F-90B7-F647C65B1BB6}.Release|Any CPU.ActiveCfg = Release|Any CPU
		{50268BE3-AF94-485F-90B7-F647C65B1BB6}.Release|Any CPU.Build.0 = Release|Any CPU
		{E77987D3-DC53-4E54-9DDD-D1231D2C8A52}.Debug|Any CPU.ActiveCfg = Debug|Any CPU
		{E77987D3-DC53-4E54-9DDD-D1231D2C8A52}.Debug|Any CPU.Build.0 = Debug|Any CPU
		{E77987D3-DC53-4E54-9DDD-D1231D2C8A52}.Release|Any CPU.ActiveCfg = Release|Any CPU
		{E77987D3-DC53-4E54-9DDD-D1231D2C8A52}.Release|Any CPU.Build.0 = Release|Any CPU
	EndGlobalSection
	GlobalSection(SolutionProperties) = preSolution
		HideSolutionNode = FALSE
	EndGlobalSection
	GlobalSection(ExtensibilityGlobals) = postSolution
		SolutionGuid = {0968EE06-662E-46F2-BFF8-A76E99136FCD}
	EndGlobalSection
EndGlobal
